
Microsoft Visual Studio Solution File, Format Version 12.00
# Visual Studio Version 17
VisualStudioVersion = 17.3.32819.101
MinimumVisualStudioVersion = 10.0.40219.1
Project("{FAE04EC0-301F-11D3-BF4B-00C04F79EFBC}") = "grupoB TP", "grupoB TP.csproj", "{09CBD56D-159A-4DCB-A304-F929C78F0D63}"
EndProject
Global
	GlobalSection(SolutionConfigurationPlatforms) = preSolution
		Debug|Any CPU = Debug|Any CPU
		Release|Any CPU = Release|Any CPU
	EndGlobalSection
	GlobalSection(ProjectConfigurationPlatforms) = postSolution
		{09CBD56D-159A-4DCB-A304-F929C78F0D63}.Debug|Any CPU.ActiveCfg = Debug|Any CPU
		{09CBD56D-159A-4DCB-A304-F929C78F0D63}.Debug|Any CPU.Build.0 = Debug|Any CPU
		{09CBD56D-159A-4DCB-A304-F929C78F0D63}.Release|Any CPU.ActiveCfg = Release|Any CPU
		{09CBD56D-159A-4DCB-A304-F929C78F0D63}.Release|Any CPU.Build.0 = Release|Any CPU
	EndGlobalSection
	GlobalSection(SolutionProperties) = preSolution
		HideSolutionNode = FALSE
	EndGlobalSection
	GlobalSection(ExtensibilityGlobals) = postSolution
		SolutionGuid = {634BFFCF-E5A4-4CCE-86B0-BD1CF1DE2B40}
	EndGlobalSection
EndGlobal
